
Microsoft Visual Studio Solution File, Format Version 12.00
# Visual Studio Version 16
VisualStudioVersion = 16.0.29728.190
MinimumVisualStudioVersion = 10.0.40219.1
Project("{FAE04EC0-301F-11D3-BF4B-00C04F79EFBC}") = "Day1_Lab2", "Day1_Lab2\Day1_Lab2.csproj", "{118EC771-A18D-47AA-9B74-986478866B3B}"
EndProject
Global
	GlobalSection(SolutionConfigurationPlatforms) = preSolution
		Debug|Any CPU = Debug|Any CPU
		Release|Any CPU = Release|Any CPU
	EndGlobalSection
	GlobalSection(ProjectConfigurationPlatforms) = postSolution
		{118EC771-A18D-47AA-9B74-986478866B3B}.Debug|Any CPU.ActiveCfg = Debug|Any CPU
		{118EC771-A18D-47AA-9B74-986478866B3B}.Debug|Any CPU.Build.0 = Debug|Any CPU
		{118EC771-A18D-47AA-9B74-986478866B3B}.Release|Any CPU.ActiveCfg = Release|Any CPU
		{118EC771-A18D-47AA-9B74-986478866B3B}.Release|Any CPU.Build.0 = Release|Any CPU
	EndGlobalSection
	GlobalSection(SolutionProperties) = preSolution
		HideSolutionNode = FALSE
	EndGlobalSection
	GlobalSection(ExtensibilityGlobals) = postSolution
		SolutionGuid = {856235B5-1406-4466-8898-B0BB12356467}
	EndGlobalSection
EndGlobal
